# THIS IS AN AUTOGENERATED FILE. DO NOT EDIT THIS FILE DIRECTLY.
# yarn lockfile v1


dot-prop-immutable@^1.3.1:
  version "1.3.1"
  resolved "https://registry.yarnpkg.com/dot-prop-immutable/-/dot-prop-immutable-1.3.1.tgz#100c0cb3be66158f6f1350440594960d8cc2c718"

lodash.memoize@^4.1.2:
  version "4.1.2"
  resolved "https://registry.yarnpkg.com/lodash.memoize/-/lodash.memoize-4.1.2.tgz#bcc6c49a42a2840ed997f323eada5ecd182e0bfe"
